
Microsoft Visual Studio Solution File, Format Version 12.00
# Visual Studio 15
VisualStudioVersion = 15.0.27130.2027
MinimumVisualStudioVersion = 10.0.40219.1
Project("{FAE04EC0-301F-11D3-BF4B-00C04F79EFBC}") = "emailAPI", "emailAPI\emailAPI.csproj", "{F6FD4948-F9F4-4BF8-A947-EC218B3CE66E}"
EndProject
Global
	GlobalSection(SolutionConfigurationPlatforms) = preSolution
		Debug|Any CPU = Debug|Any CPU
		Release|Any CPU = Release|Any CPU
	EndGlobalSection
	GlobalSection(ProjectConfigurationPlatforms) = postSolution
		{F6FD4948-F9F4-4BF8-A947-EC218B3CE66E}.Debug|Any CPU.ActiveCfg = Debug|Any CPU
		{F6FD4948-F9F4-4BF8-A947-EC218B3CE66E}.Debug|Any CPU.Build.0 = Debug|Any CPU
		{F6FD4948-F9F4-4BF8-A947-EC218B3CE66E}.Release|Any CPU.ActiveCfg = Release|Any CPU
		{F6FD4948-F9F4-4BF8-A947-EC218B3CE66E}.Release|Any CPU.Build.0 = Release|Any CPU
	EndGlobalSection
	GlobalSection(SolutionProperties) = preSolution
		HideSolutionNode = FALSE
	EndGlobalSection
	GlobalSection(ExtensibilityGlobals) = postSolution
		SolutionGuid = {84052E87-C8F7-406C-BF82-D18A524ED035}
	EndGlobalSection
EndGlobal
